// !$*UTF8*$!
{
	archiveVersion = 1;
	classes = {
	};
	objectVersion = 51;
	objects = {

/* Begin PBXBuildFile section */
		653561308F910171E1238B9A /* Pods_iDoc.framework in Frameworks */ = {isa = PBXBuildFile; fileRef = 4B98CC0FE6D7A7497E463AC1 /* Pods_iDoc.framework */; };
		720278AD261DE3B300C5A05F /* AppDelegate.swift in Sources */ = {isa = PBXBuildFile; fileRef = 720278AC261DE3B300C5A05F /* AppDelegate.swift */; };
		720278B1261DE3B300C5A05F /* ViewController.swift in Sources */ = {isa = PBXBuildFile; fileRef = 720278B0261DE3B300C5A05F /* ViewController.swift */; };
		720278B6261DE3B700C5A05F /* Assets.xcassets in Resources */ = {isa = PBXBuildFile; fileRef = 720278B5261DE3B700C5A05F /* Assets.xcassets */; };
		720278B9261DE3B700C5A05F /* LaunchScreen.storyboard in Resources */ = {isa = PBXBuildFile; fileRef = 720278B7261DE3B700C5A05F /* LaunchScreen.storyboard */; };
		720278EE261DE60A00C5A05F /* StartScreenViewController.swift in Sources */ = {isa = PBXBuildFile; fileRef = 720278EC261DE60A00C5A05F /* StartScreenViewController.swift */; };
		720278EF261DE60A00C5A05F /* StartScreenViewController.xib in Resources */ = {isa = PBXBuildFile; fileRef = 720278ED261DE60A00C5A05F /* StartScreenViewController.xib */; };
		720278F7261DE66E00C5A05F /* StartScreenViewModel.swift in Sources */ = {isa = PBXBuildFile; fileRef = 720278F6261DE66E00C5A05F /* StartScreenViewModel.swift */; };
		72027915261DE9C400C5A05F /* ColorsAssets.xcassets in Resources */ = {isa = PBXBuildFile; fileRef = 72027914261DE9C400C5A05F /* ColorsAssets.xcassets */; };
		7202791A261DEB8400C5A05F /* ImageAssets.xcassets in Resources */ = {isa = PBXBuildFile; fileRef = 72027919261DEB8400C5A05F /* ImageAssets.xcassets */; };
		720EA162261EF96E00863730 /* StartScreenPageViewController.swift in Sources */ = {isa = PBXBuildFile; fileRef = 720EA160261EF96E00863730 /* StartScreenPageViewController.swift */; };
		720EA163261EF96E00863730 /* StartScreenPageViewController.xib in Resources */ = {isa = PBXBuildFile; fileRef = 720EA161261EF96E00863730 /* StartScreenPageViewController.xib */; };
		720EA168261F2EA300863730 /* Constants.swift in Sources */ = {isa = PBXBuildFile; fileRef = 720EA167261F2EA300863730 /* Constants.swift */; };
		720EA173261F3CDE00863730 /* PersonalCabinetViewController.swift in Sources */ = {isa = PBXBuildFile; fileRef = 720EA171261F3CDE00863730 /* PersonalCabinetViewController.swift */; };
		720EA174261F3CDE00863730 /* PersonalCabinetViewController.xib in Resources */ = {isa = PBXBuildFile; fileRef = 720EA172261F3CDE00863730 /* PersonalCabinetViewController.xib */; };
		720EA182261F410C00863730 /* TableViewWithoutScroll.swift in Sources */ = {isa = PBXBuildFile; fileRef = 720EA181261F410C00863730 /* TableViewWithoutScroll.swift */; };
		720EA196261F42CC00863730 /* ImageLabelArrowCell.swift in Sources */ = {isa = PBXBuildFile; fileRef = 720EA194261F42CC00863730 /* ImageLabelArrowCell.swift */; };
		720EA197261F42CC00863730 /* ImageLabelArrowCell.xib in Resources */ = {isa = PBXBuildFile; fileRef = 720EA195261F42CC00863730 /* ImageLabelArrowCell.xib */; };
		720EA1A1261F4B0E00863730 /* MenuWithTableViewModel.swift in Sources */ = {isa = PBXBuildFile; fileRef = 720EA1A0261F4B0E00863730 /* MenuWithTableViewModel.swift */; };
		722822072631A4D000F12601 /* CustomNavigationBar.swift in Sources */ = {isa = PBXBuildFile; fileRef = 722822062631A4D000F12601 /* CustomNavigationBar.swift */; };
		7228220C2631A50100F12601 /* CustomNavigationBar.xib in Resources */ = {isa = PBXBuildFile; fileRef = 7228220B2631A50100F12601 /* CustomNavigationBar.xib */; };
		725144AD26204233001CD920 /* MenuTableModel.swift in Sources */ = {isa = PBXBuildFile; fileRef = 725144AC26204233001CD920 /* MenuTableModel.swift */; };
		725144B32620428B001CD920 /* CabinetCellModel.swift in Sources */ = {isa = PBXBuildFile; fileRef = 725144B22620428B001CD920 /* CabinetCellModel.swift */; };
		725144B926204766001CD920 /* MenuPages.swift in Sources */ = {isa = PBXBuildFile; fileRef = 725144B826204766001CD920 /* MenuPages.swift */; };
		725144C426208000001CD920 /* MenuControllers.swift in Sources */ = {isa = PBXBuildFile; fileRef = 725144C326208000001CD920 /* MenuControllers.swift */; };
		725144D3262091C5001CD920 /* SurveyViewController.swift in Sources */ = {isa = PBXBuildFile; fileRef = 725144D1262091C5001CD920 /* SurveyViewController.swift */; };
		725144D4262091C5001CD920 /* SurveyViewController.xib in Resources */ = {isa = PBXBuildFile; fileRef = 725144D2262091C5001CD920 /* SurveyViewController.xib */; };
		72776D1F262996BC001D65B6 /* ConsultationsViewController.swift in Sources */ = {isa = PBXBuildFile; fileRef = 72776D1D262996BC001D65B6 /* ConsultationsViewController.swift */; };
		72776D20262996BC001D65B6 /* ConsultationsViewController.xib in Resources */ = {isa = PBXBuildFile; fileRef = 72776D1E262996BC001D65B6 /* ConsultationsViewController.xib */; };
		72776D272629A254001D65B6 /* RectangleImageTitleTextCell.swift in Sources */ = {isa = PBXBuildFile; fileRef = 72776D252629A254001D65B6 /* RectangleImageTitleTextCell.swift */; };
		72776D282629A254001D65B6 /* RectangleImageTitleTextCell.xib in Resources */ = {isa = PBXBuildFile; fileRef = 72776D262629A254001D65B6 /* RectangleImageTitleTextCell.xib */; };
		72776D312629A70A001D65B6 /* ConsultationCategories.swift in Sources */ = {isa = PBXBuildFile; fileRef = 72776D302629A70A001D65B6 /* ConsultationCategories.swift */; };
		72776D362629C0BE001D65B6 /* ConsultationsViewModel.swift in Sources */ = {isa = PBXBuildFile; fileRef = 72776D352629C0BE001D65B6 /* ConsultationsViewModel.swift */; };
		72776D402629CA74001D65B6 /* Specializations.swift in Sources */ = {isa = PBXBuildFile; fileRef = 72776D3F2629CA74001D65B6 /* Specializations.swift */; };
		72776D462629D35F001D65B6 /* CyrcleImageTitleTextCell.swift in Sources */ = {isa = PBXBuildFile; fileRef = 72776D442629D35F001D65B6 /* CyrcleImageTitleTextCell.swift */; };
		72776D472629D35F001D65B6 /* CyrcleImageTitleTextCell.xib in Resources */ = {isa = PBXBuildFile; fileRef = 72776D452629D35F001D65B6 /* CyrcleImageTitleTextCell.xib */; };
		72776D4E2629D970001D65B6 /* AdultsViewController.swift in Sources */ = {isa = PBXBuildFile; fileRef = 72776D4C2629D970001D65B6 /* AdultsViewController.swift */; };
		72776D4F2629D970001D65B6 /* AdultsViewController.xib in Resources */ = {isa = PBXBuildFile; fileRef = 72776D4D2629D970001D65B6 /* AdultsViewController.xib */; };
		72776D602629DDA3001D65B6 /* AdultsViewModel.swift in Sources */ = {isa = PBXBuildFile; fileRef = 72776D5F2629DDA3001D65B6 /* AdultsViewModel.swift */; };
		72776D692629DEF2001D65B6 /* AdultsPages.swift in Sources */ = {isa = PBXBuildFile; fileRef = 72776D682629DEF2001D65B6 /* AdultsPages.swift */; };
		72776D6F2629E00F001D65B6 /* MenuCellModel.swift in Sources */ = {isa = PBXBuildFile; fileRef = 72776D6E2629E00F001D65B6 /* MenuCellModel.swift */; };
		72776D772629E4F6001D65B6 /* MedicalCenters.swift in Sources */ = {isa = PBXBuildFile; fileRef = 72776D762629E4F6001D65B6 /* MedicalCenters.swift */; };
		72776D7E2629E6E7001D65B6 /* ReusableTableViewController.swift in Sources */ = {isa = PBXBuildFile; fileRef = 72776D7C2629E6E7001D65B6 /* ReusableTableViewController.swift */; };
		72776D7F2629E6E7001D65B6 /* ReusableTableViewController.xib in Resources */ = {isa = PBXBuildFile; fileRef = 72776D7D2629E6E7001D65B6 /* ReusableTableViewController.xib */; };
		72776D842629E770001D65B6 /* ReusableTableViewModel.swift in Sources */ = {isa = PBXBuildFile; fileRef = 72776D832629E770001D65B6 /* ReusableTableViewModel.swift */; };
/* End PBXBuildFile section */

/* Begin PBXContainerItemProxy section */
		720278C0261DE3B800C5A05F /* PBXContainerItemProxy */ = {
			isa = PBXContainerItemProxy;
			containerPortal = 720278A1261DE3B300C5A05F /* Project object */;
			proxyType = 1;
			remoteGlobalIDString = 720278A8261DE3B300C5A05F;
			remoteInfo = iDoc;
		};
		720278CB261DE3B800C5A05F /* PBXContainerItemProxy */ = {
			isa = PBXContainerItemProxy;
			containerPortal = 720278A1261DE3B300C5A05F /* Project object */;
			proxyType = 1;
			remoteGlobalIDString = 720278A8261DE3B300C5A05F;
			remoteInfo = iDoc;
		};
/* End PBXContainerItemProxy section */

/* Begin PBXFileReference section */
		12774292B2923C22498C3F82 /* Pods-iDoc.release.xcconfig */ = {isa = PBXFileReference; includeInIndex = 1; lastKnownFileType = text.xcconfig; name = "Pods-iDoc.release.xcconfig"; path = "Target Support Files/Pods-iDoc/Pods-iDoc.release.xcconfig"; sourceTree = "<group>"; };
		239DBFF295A1211272406115 /* Pods-iDoc.debug.xcconfig */ = {isa = PBXFileReference; includeInIndex = 1; lastKnownFileType = text.xcconfig; name = "Pods-iDoc.debug.xcconfig"; path = "Target Support Files/Pods-iDoc/Pods-iDoc.debug.xcconfig"; sourceTree = "<group>"; };
		4B98CC0FE6D7A7497E463AC1 /* Pods_iDoc.framework */ = {isa = PBXFileReference; explicitFileType = wrapper.framework; includeInIndex = 0; path = Pods_iDoc.framework; sourceTree = BUILT_PRODUCTS_DIR; };
		720278A9261DE3B300C5A05F /* iDoc.app */ = {isa = PBXFileReference; explicitFileType = wrapper.application; includeInIndex = 0; path = iDoc.app; sourceTree = BUILT_PRODUCTS_DIR; };
		720278AC261DE3B300C5A05F /* AppDelegate.swift */ = {isa = PBXFileReference; lastKnownFileType = sourcecode.swift; path = AppDelegate.swift; sourceTree = "<group>"; };
		720278B0261DE3B300C5A05F /* ViewController.swift */ = {isa = PBXFileReference; lastKnownFileType = sourcecode.swift; path = ViewController.swift; sourceTree = "<group>"; };
		720278B5261DE3B700C5A05F /* Assets.xcassets */ = {isa = PBXFileReference; lastKnownFileType = folder.assetcatalog; path = Assets.xcassets; sourceTree = "<group>"; };
		720278B8261DE3B700C5A05F /* Base */ = {isa = PBXFileReference; lastKnownFileType = file.storyboard; name = Base; path = Base.lproj/LaunchScreen.storyboard; sourceTree = "<group>"; };
		720278BA261DE3B700C5A05F /* Info.plist */ = {isa = PBXFileReference; lastKnownFileType = text.plist.xml; path = Info.plist; sourceTree = "<group>"; };
		720278BF261DE3B800C5A05F /* iDocTests.xctest */ = {isa = PBXFileReference; explicitFileType = wrapper.cfbundle; includeInIndex = 0; path = iDocTests.xctest; sourceTree = BUILT_PRODUCTS_DIR; };
		720278CA261DE3B800C5A05F /* iDocUITests.xctest */ = {isa = PBXFileReference; explicitFileType = wrapper.cfbundle; includeInIndex = 0; path = iDocUITests.xctest; sourceTree = BUILT_PRODUCTS_DIR; };
		720278EC261DE60A00C5A05F /* StartScreenViewController.swift */ = {isa = PBXFileReference; lastKnownFileType = sourcecode.swift; path = StartScreenViewController.swift; sourceTree = "<group>"; };
		720278ED261DE60A00C5A05F /* StartScreenViewController.xib */ = {isa = PBXFileReference; lastKnownFileType = file.xib; path = StartScreenViewController.xib; sourceTree = "<group>"; };
		720278F6261DE66E00C5A05F /* StartScreenViewModel.swift */ = {isa = PBXFileReference; lastKnownFileType = sourcecode.swift; path = StartScreenViewModel.swift; sourceTree = "<group>"; };
		72027914261DE9C400C5A05F /* ColorsAssets.xcassets */ = {isa = PBXFileReference; lastKnownFileType = folder.assetcatalog; path = ColorsAssets.xcassets; sourceTree = "<group>"; };
		72027919261DEB8400C5A05F /* ImageAssets.xcassets */ = {isa = PBXFileReference; lastKnownFileType = folder.assetcatalog; path = ImageAssets.xcassets; sourceTree = "<group>"; };
		720EA160261EF96E00863730 /* StartScreenPageViewController.swift */ = {isa = PBXFileReference; lastKnownFileType = sourcecode.swift; path = StartScreenPageViewController.swift; sourceTree = "<group>"; };
		720EA161261EF96E00863730 /* StartScreenPageViewController.xib */ = {isa = PBXFileReference; lastKnownFileType = file.xib; path = StartScreenPageViewController.xib; sourceTree = "<group>"; };
		720EA167261F2EA300863730 /* Constants.swift */ = {isa = PBXFileReference; lastKnownFileType = sourcecode.swift; path = Constants.swift; sourceTree = "<group>"; };
		720EA171261F3CDE00863730 /* PersonalCabinetViewController.swift */ = {isa = PBXFileReference; lastKnownFileType = sourcecode.swift; path = PersonalCabinetViewController.swift; sourceTree = "<group>"; };
		720EA172261F3CDE00863730 /* PersonalCabinetViewController.xib */ = {isa = PBXFileReference; lastKnownFileType = file.xib; path = PersonalCabinetViewController.xib; sourceTree = "<group>"; };
		720EA181261F410C00863730 /* TableViewWithoutScroll.swift */ = {isa = PBXFileReference; lastKnownFileType = sourcecode.swift; path = TableViewWithoutScroll.swift; sourceTree = "<group>"; };
		720EA194261F42CC00863730 /* ImageLabelArrowCell.swift */ = {isa = PBXFileReference; lastKnownFileType = sourcecode.swift; path = ImageLabelArrowCell.swift; sourceTree = "<group>"; };
		720EA195261F42CC00863730 /* ImageLabelArrowCell.xib */ = {isa = PBXFileReference; lastKnownFileType = file.xib; path = ImageLabelArrowCell.xib; sourceTree = "<group>"; };
		720EA1A0261F4B0E00863730 /* MenuWithTableViewModel.swift */ = {isa = PBXFileReference; lastKnownFileType = sourcecode.swift; path = MenuWithTableViewModel.swift; sourceTree = "<group>"; };
		722822062631A4D000F12601 /* CustomNavigationBar.swift */ = {isa = PBXFileReference; lastKnownFileType = sourcecode.swift; path = CustomNavigationBar.swift; sourceTree = "<group>"; };
		7228220B2631A50100F12601 /* CustomNavigationBar.xib */ = {isa = PBXFileReference; lastKnownFileType = file.xib; path = CustomNavigationBar.xib; sourceTree = "<group>"; };
		725144AC26204233001CD920 /* MenuTableModel.swift */ = {isa = PBXFileReference; lastKnownFileType = sourcecode.swift; path = MenuTableModel.swift; sourceTree = "<group>"; };
		725144B22620428B001CD920 /* CabinetCellModel.swift */ = {isa = PBXFileReference; lastKnownFileType = sourcecode.swift; path = CabinetCellModel.swift; sourceTree = "<group>"; };
		725144B826204766001CD920 /* MenuPages.swift */ = {isa = PBXFileReference; lastKnownFileType = sourcecode.swift; path = MenuPages.swift; sourceTree = "<group>"; };
		725144C326208000001CD920 /* MenuControllers.swift */ = {isa = PBXFileReference; lastKnownFileType = sourcecode.swift; path = MenuControllers.swift; sourceTree = "<group>"; };
		725144D1262091C5001CD920 /* SurveyViewController.swift */ = {isa = PBXFileReference; lastKnownFileType = sourcecode.swift; path = SurveyViewController.swift; sourceTree = "<group>"; };
		725144D2262091C5001CD920 /* SurveyViewController.xib */ = {isa = PBXFileReference; lastKnownFileType = file.xib; path = SurveyViewController.xib; sourceTree = "<group>"; };
		72776D1D262996BC001D65B6 /* ConsultationsViewController.swift */ = {isa = PBXFileReference; lastKnownFileType = sourcecode.swift; path = ConsultationsViewController.swift; sourceTree = "<group>"; };
		72776D1E262996BC001D65B6 /* ConsultationsViewController.xib */ = {isa = PBXFileReference; lastKnownFileType = file.xib; path = ConsultationsViewController.xib; sourceTree = "<group>"; };
		72776D252629A254001D65B6 /* RectangleImageTitleTextCell.swift */ = {isa = PBXFileReference; lastKnownFileType = sourcecode.swift; path = RectangleImageTitleTextCell.swift; sourceTree = "<group>"; };
		72776D262629A254001D65B6 /* RectangleImageTitleTextCell.xib */ = {isa = PBXFileReference; lastKnownFileType = file.xib; path = RectangleImageTitleTextCell.xib; sourceTree = "<group>"; };
		72776D302629A70A001D65B6 /* ConsultationCategories.swift */ = {isa = PBXFileReference; lastKnownFileType = sourcecode.swift; path = ConsultationCategories.swift; sourceTree = "<group>"; };
		72776D352629C0BE001D65B6 /* ConsultationsViewModel.swift */ = {isa = PBXFileReference; lastKnownFileType = sourcecode.swift; path = ConsultationsViewModel.swift; sourceTree = "<group>"; };
		72776D3F2629CA74001D65B6 /* Specializations.swift */ = {isa = PBXFileReference; lastKnownFileType = sourcecode.swift; path = Specializations.swift; sourceTree = "<group>"; };
		72776D442629D35F001D65B6 /* CyrcleImageTitleTextCell.swift */ = {isa = PBXFileReference; lastKnownFileType = sourcecode.swift; path = CyrcleImageTitleTextCell.swift; sourceTree = "<group>"; };
		72776D452629D35F001D65B6 /* CyrcleImageTitleTextCell.xib */ = {isa = PBXFileReference; lastKnownFileType = file.xib; path = CyrcleImageTitleTextCell.xib; sourceTree = "<group>"; };
		72776D4C2629D970001D65B6 /* AdultsViewController.swift */ = {isa = PBXFileReference; lastKnownFileType = sourcecode.swift; path = AdultsViewController.swift; sourceTree = "<group>"; };
		72776D4D2629D970001D65B6 /* AdultsViewController.xib */ = {isa = PBXFileReference; lastKnownFileType = file.xib; path = AdultsViewController.xib; sourceTree = "<group>"; };
		72776D5F2629DDA3001D65B6 /* AdultsViewModel.swift */ = {isa = PBXFileReference; lastKnownFileType = sourcecode.swift; path = AdultsViewModel.swift; sourceTree = "<group>"; };
		72776D682629DEF2001D65B6 /* AdultsPages.swift */ = {isa = PBXFileReference; lastKnownFileType = sourcecode.swift; path = AdultsPages.swift; sourceTree = "<group>"; };
		72776D6E2629E00F001D65B6 /* MenuCellModel.swift */ = {isa = PBXFileReference; lastKnownFileType = sourcecode.swift; path = MenuCellModel.swift; sourceTree = "<group>"; };
		72776D762629E4F6001D65B6 /* MedicalCenters.swift */ = {isa = PBXFileReference; lastKnownFileType = sourcecode.swift; path = MedicalCenters.swift; sourceTree = "<group>"; };
		72776D7C2629E6E7001D65B6 /* ReusableTableViewController.swift */ = {isa = PBXFileReference; lastKnownFileType = sourcecode.swift; path = ReusableTableViewController.swift; sourceTree = "<group>"; };
		72776D7D2629E6E7001D65B6 /* ReusableTableViewController.xib */ = {isa = PBXFileReference; lastKnownFileType = file.xib; path = ReusableTableViewController.xib; sourceTree = "<group>"; };
		72776D832629E770001D65B6 /* ReusableTableViewModel.swift */ = {isa = PBXFileReference; lastKnownFileType = sourcecode.swift; path = ReusableTableViewModel.swift; sourceTree = "<group>"; };
/* End PBXFileReference section */

/* Begin PBXFrameworksBuildPhase section */
		720278A6261DE3B300C5A05F /* Frameworks */ = {
			isa = PBXFrameworksBuildPhase;
			buildActionMask = 2147483647;
			files = (
				653561308F910171E1238B9A /* Pods_iDoc.framework in Frameworks */,
			);
			runOnlyForDeploymentPostprocessing = 0;
		};
		720278BC261DE3B800C5A05F /* Frameworks */ = {
			isa = PBXFrameworksBuildPhase;
			buildActionMask = 2147483647;
			files = (
			);
			runOnlyForDeploymentPostprocessing = 0;
		};
		720278C7261DE3B800C5A05F /* Frameworks */ = {
			isa = PBXFrameworksBuildPhase;
			buildActionMask = 2147483647;
			files = (
			);
			runOnlyForDeploymentPostprocessing = 0;
		};
/* End PBXFrameworksBuildPhase section */

/* Begin PBXGroup section */
		03F7D4BD00E0138286E4E1CA /* Pods */ = {
			isa = PBXGroup;
			children = (
				239DBFF295A1211272406115 /* Pods-iDoc.debug.xcconfig */,
				12774292B2923C22498C3F82 /* Pods-iDoc.release.xcconfig */,
			);
			path = Pods;
			sourceTree = "<group>";
		};
		720278A0261DE3B200C5A05F = {
			isa = PBXGroup;
			children = (
				720278AB261DE3B300C5A05F /* iDoc */,
				720278AA261DE3B300C5A05F /* Products */,
				03F7D4BD00E0138286E4E1CA /* Pods */,
				B196547BCA43FF455C5179C5 /* Frameworks */,
			);
			sourceTree = "<group>";
		};
		720278AA261DE3B300C5A05F /* Products */ = {
			isa = PBXGroup;
			children = (
				720278A9261DE3B300C5A05F /* iDoc.app */,
				720278BF261DE3B800C5A05F /* iDocTests.xctest */,
				720278CA261DE3B800C5A05F /* iDocUITests.xctest */,
			);
			name = Products;
			sourceTree = "<group>";
		};
		720278AB261DE3B300C5A05F /* iDoc */ = {
			isa = PBXGroup;
			children = (
				72776D1B26299677001D65B6 /* Consultations */,
				720EA170261F3CA400863730 /* PersonalCabinet */,
				720278EB261DE5E800C5A05F /* StartScreen */,
				72027913261DE99400C5A05F /* Resourses */,
				720EA17F261F40D000863730 /* Common */,
				720278AC261DE3B300C5A05F /* AppDelegate.swift */,
				720278B0261DE3B300C5A05F /* ViewController.swift */,
				720278B7261DE3B700C5A05F /* LaunchScreen.storyboard */,
				720278BA261DE3B700C5A05F /* Info.plist */,
				720EA167261F2EA300863730 /* Constants.swift */,
			);
			path = iDoc;
			sourceTree = "<group>";
		};
		720278EB261DE5E800C5A05F /* StartScreen */ = {
			isa = PBXGroup;
			children = (
				720278EC261DE60A00C5A05F /* StartScreenViewController.swift */,
				720278ED261DE60A00C5A05F /* StartScreenViewController.xib */,
				720278F6261DE66E00C5A05F /* StartScreenViewModel.swift */,
				720EA160261EF96E00863730 /* StartScreenPageViewController.swift */,
				720EA161261EF96E00863730 /* StartScreenPageViewController.xib */,
			);
			path = StartScreen;
			sourceTree = "<group>";
		};
		72027913261DE99400C5A05F /* Resourses */ = {
			isa = PBXGroup;
			children = (
				720278B5261DE3B700C5A05F /* Assets.xcassets */,
				72027914261DE9C400C5A05F /* ColorsAssets.xcassets */,
				72027919261DEB8400C5A05F /* ImageAssets.xcassets */,
			);
			path = Resourses;
			sourceTree = "<group>";
		};
		720EA170261F3CA400863730 /* PersonalCabinet */ = {
			isa = PBXGroup;
			children = (
				720EA17B261F3CF200863730 /* PersonalCabinetVC */,
			);
			path = PersonalCabinet;
			sourceTree = "<group>";
		};
		720EA17B261F3CF200863730 /* PersonalCabinetVC */ = {
			isa = PBXGroup;
			children = (
				725144C8262090EC001CD920 /* ViewControllers */,
				725144AB2620421A001CD920 /* Model */,
				720EA19F261F4AEF00863730 /* ViewModel */,
			);
			path = PersonalCabinetVC;
			sourceTree = "<group>";
		};
		720EA17F261F40D000863730 /* Common */ = {
			isa = PBXGroup;
			children = (
				722822052631A4A800F12601 /* CustomNavigationBar */,
				725144B7262046EE001CD920 /* Enums */,
				720EA189261F416200863730 /* Cells */,
				720EA180261F40E900863730 /* OverridenViews */,
			);
			path = Common;
			sourceTree = "<group>";
		};
		720EA180261F40E900863730 /* OverridenViews */ = {
			isa = PBXGroup;
			children = (
				720EA181261F410C00863730 /* TableViewWithoutScroll.swift */,
			);
			path = OverridenViews;
			sourceTree = "<group>";
		};
		720EA189261F416200863730 /* Cells */ = {
			isa = PBXGroup;
			children = (
				720EA193261F42A300863730 /* ImageLabelArrowCell */,
			);
			path = Cells;
			sourceTree = "<group>";
		};
		720EA193261F42A300863730 /* ImageLabelArrowCell */ = {
			isa = PBXGroup;
			children = (
				720EA194261F42CC00863730 /* ImageLabelArrowCell.swift */,
				720EA195261F42CC00863730 /* ImageLabelArrowCell.xib */,
			);
			path = ImageLabelArrowCell;
			sourceTree = "<group>";
		};
		720EA19F261F4AEF00863730 /* ViewModel */ = {
			isa = PBXGroup;
			children = (
				720EA1A0261F4B0E00863730 /* MenuWithTableViewModel.swift */,
			);
			path = ViewModel;
			sourceTree = "<group>";
		};
		722822052631A4A800F12601 /* CustomNavigationBar */ = {
			isa = PBXGroup;
			children = (
				722822062631A4D000F12601 /* CustomNavigationBar.swift */,
				7228220B2631A50100F12601 /* CustomNavigationBar.xib */,
			);
			path = CustomNavigationBar;
			sourceTree = "<group>";
		};
		725144AB2620421A001CD920 /* Model */ = {
			isa = PBXGroup;
			children = (
				725144AC26204233001CD920 /* MenuTableModel.swift */,
				725144B22620428B001CD920 /* CabinetCellModel.swift */,
			);
			path = Model;
			sourceTree = "<group>";
		};
		725144B7262046EE001CD920 /* Enums */ = {
			isa = PBXGroup;
			children = (
				72776D3E2629CA55001D65B6 /* Consultations */,
				72776D3D2629CA3D001D65B6 /* Menu */,
			);
			path = Enums;
			sourceTree = "<group>";
		};
		725144C8262090EC001CD920 /* ViewControllers */ = {
			isa = PBXGroup;
			children = (
				725144D0262091A3001CD920 /* SurveyViewController */,
				725144C926209162001CD920 /* PersonalCabinet */,
			);
			path = ViewControllers;
			sourceTree = "<group>";
		};
		725144C926209162001CD920 /* PersonalCabinet */ = {
			isa = PBXGroup;
			children = (
				720EA171261F3CDE00863730 /* PersonalCabinetViewController.swift */,
				720EA172261F3CDE00863730 /* PersonalCabinetViewController.xib */,
			);
			path = PersonalCabinet;
			sourceTree = "<group>";
		};
		725144D0262091A3001CD920 /* SurveyViewController */ = {
			isa = PBXGroup;
			children = (
				725144D1262091C5001CD920 /* SurveyViewController.swift */,
				725144D2262091C5001CD920 /* SurveyViewController.xib */,
			);
			path = SurveyViewController;
			sourceTree = "<group>";
		};
		72776D1B26299677001D65B6 /* Consultations */ = {
			isa = PBXGroup;
			children = (
				72776D7B2629E6B9001D65B6 /* ReusableTableViewController */,
				72776D6D2629DFF1001D65B6 /* Protocols */,
				72776D4B2629D5EF001D65B6 /* AdultsViewController */,
				72776D1C26299684001D65B6 /* ConsultationsViewController */,
			);
			path = Consultations;
			sourceTree = "<group>";
		};
		72776D1C26299684001D65B6 /* ConsultationsViewController */ = {
			isa = PBXGroup;
			children = (
				72776D2F2629A6E2001D65B6 /* Models */,
				72776D242629A1BB001D65B6 /* Cells */,
				72776D1D262996BC001D65B6 /* ConsultationsViewController.swift */,
				72776D1E262996BC001D65B6 /* ConsultationsViewController.xib */,
				72776D352629C0BE001D65B6 /* ConsultationsViewModel.swift */,
			);
			path = ConsultationsViewController;
			sourceTree = "<group>";
		};
		72776D242629A1BB001D65B6 /* Cells */ = {
			isa = PBXGroup;
			children = (
				72776D252629A254001D65B6 /* RectangleImageTitleTextCell.swift */,
				72776D262629A254001D65B6 /* RectangleImageTitleTextCell.xib */,
				72776D442629D35F001D65B6 /* CyrcleImageTitleTextCell.swift */,
				72776D452629D35F001D65B6 /* CyrcleImageTitleTextCell.xib */,
			);
			path = Cells;
			sourceTree = "<group>";
		};
		72776D2F2629A6E2001D65B6 /* Models */ = {
			isa = PBXGroup;
			children = (
				72776D302629A70A001D65B6 /* ConsultationCategories.swift */,
			);
			path = Models;
			sourceTree = "<group>";
		};
		72776D3D2629CA3D001D65B6 /* Menu */ = {
			isa = PBXGroup;
			children = (
				725144B826204766001CD920 /* MenuPages.swift */,
				725144C326208000001CD920 /* MenuControllers.swift */,
			);
			path = Menu;
			sourceTree = "<group>";
		};
		72776D3E2629CA55001D65B6 /* Consultations */ = {
			isa = PBXGroup;
			children = (
				72776D3F2629CA74001D65B6 /* Specializations.swift */,
				72776D762629E4F6001D65B6 /* MedicalCenters.swift */,
			);
			path = Consultations;
			sourceTree = "<group>";
		};
		72776D4B2629D5EF001D65B6 /* AdultsViewController */ = {
			isa = PBXGroup;
			children = (
				72776D4C2629D970001D65B6 /* AdultsViewController.swift */,
				72776D4D2629D970001D65B6 /* AdultsViewController.xib */,
				72776D5F2629DDA3001D65B6 /* AdultsViewModel.swift */,
				72776D682629DEF2001D65B6 /* AdultsPages.swift */,
			);
			path = AdultsViewController;
			sourceTree = "<group>";
		};
		72776D6D2629DFF1001D65B6 /* Protocols */ = {
			isa = PBXGroup;
			children = (
				72776D6E2629E00F001D65B6 /* MenuCellModel.swift */,
			);
			path = Protocols;
			sourceTree = "<group>";
		};
		72776D7B2629E6B9001D65B6 /* ReusableTableViewController */ = {
			isa = PBXGroup;
			children = (
				72776D7C2629E6E7001D65B6 /* ReusableTableViewController.swift */,
				72776D7D2629E6E7001D65B6 /* ReusableTableViewController.xib */,
				72776D832629E770001D65B6 /* ReusableTableViewModel.swift */,
			);
			path = ReusableTableViewController;
			sourceTree = "<group>";
		};
		B196547BCA43FF455C5179C5 /* Frameworks */ = {
			isa = PBXGroup;
			children = (
				4B98CC0FE6D7A7497E463AC1 /* Pods_iDoc.framework */,
			);
			name = Frameworks;
			sourceTree = "<group>";
		};
/* End PBXGroup section */

/* Begin PBXNativeTarget section */
		720278A8261DE3B300C5A05F /* iDoc */ = {
			isa = PBXNativeTarget;
			buildConfigurationList = 720278D3261DE3B800C5A05F /* Build configuration list for PBXNativeTarget "iDoc" */;
			buildPhases = (
				767ADB56C24A25978FFF6E91 /* [CP] Check Pods Manifest.lock */,
				720278A5261DE3B300C5A05F /* Sources */,
				720278A6261DE3B300C5A05F /* Frameworks */,
				720278A7261DE3B300C5A05F /* Resources */,
				E56C05D0DC0BAEAA8FB6C1C8 /* [CP] Embed Pods Frameworks */,
			);
			buildRules = (
			);
			dependencies = (
			);
			name = iDoc;
			productName = iDoc;
			productReference = 720278A9261DE3B300C5A05F /* iDoc.app */;
			productType = "com.apple.product-type.application";
		};
		720278BE261DE3B800C5A05F /* iDocTests */ = {
			isa = PBXNativeTarget;
			buildConfigurationList = 720278D6261DE3B800C5A05F /* Build configuration list for PBXNativeTarget "iDocTests" */;
			buildPhases = (
				720278BB261DE3B800C5A05F /* Sources */,
				720278BC261DE3B800C5A05F /* Frameworks */,
				720278BD261DE3B800C5A05F /* Resources */,
			);
			buildRules = (
			);
			dependencies = (
				720278C1261DE3B800C5A05F /* PBXTargetDependency */,
			);
			name = iDocTests;
			productName = iDocTests;
			productReference = 720278BF261DE3B800C5A05F /* iDocTests.xctest */;
			productType = "com.apple.product-type.bundle.unit-test";
		};
		720278C9261DE3B800C5A05F /* iDocUITests */ = {
			isa = PBXNativeTarget;
			buildConfigurationList = 720278D9261DE3B800C5A05F /* Build configuration list for PBXNativeTarget "iDocUITests" */;
			buildPhases = (
				720278C6261DE3B800C5A05F /* Sources */,
				720278C7261DE3B800C5A05F /* Frameworks */,
				720278C8261DE3B800C5A05F /* Resources */,
			);
			buildRules = (
			);
			dependencies = (
				720278CC261DE3B800C5A05F /* PBXTargetDependency */,
			);
			name = iDocUITests;
			productName = iDocUITests;
			productReference = 720278CA261DE3B800C5A05F /* iDocUITests.xctest */;
			productType = "com.apple.product-type.bundle.ui-testing";
		};
/* End PBXNativeTarget section */

/* Begin PBXProject section */
		720278A1261DE3B300C5A05F /* Project object */ = {
			isa = PBXProject;
			attributes = {
				LastSwiftUpdateCheck = 1240;
				LastUpgradeCheck = 1240;
				TargetAttributes = {
					720278A8261DE3B300C5A05F = {
						CreatedOnToolsVersion = 12.4;
					};
					720278BE261DE3B800C5A05F = {
						CreatedOnToolsVersion = 12.4;
						TestTargetID = 720278A8261DE3B300C5A05F;
					};
					720278C9261DE3B800C5A05F = {
						CreatedOnToolsVersion = 12.4;
						TestTargetID = 720278A8261DE3B300C5A05F;
					};
				};
			};
			buildConfigurationList = 720278A4261DE3B300C5A05F /* Build configuration list for PBXProject "iDoc" */;
			compatibilityVersion = "Xcode 9.3";
			developmentRegion = en;
			hasScannedForEncodings = 0;
			knownRegions = (
				en,
				Base,
			);
			mainGroup = 720278A0261DE3B200C5A05F;
			productRefGroup = 720278AA261DE3B300C5A05F /* Products */;
			projectDirPath = "";
			projectRoot = "";
			targets = (
				720278A8261DE3B300C5A05F /* iDoc */,
				720278BE261DE3B800C5A05F /* iDocTests */,
				720278C9261DE3B800C5A05F /* iDocUITests */,
			);
		};
/* End PBXProject section */

/* Begin PBXResourcesBuildPhase section */
		720278A7261DE3B300C5A05F /* Resources */ = {
			isa = PBXResourcesBuildPhase;
			buildActionMask = 2147483647;
			files = (
				720EA163261EF96E00863730 /* StartScreenPageViewController.xib in Resources */,
				72027915261DE9C400C5A05F /* ColorsAssets.xcassets in Resources */,
				7202791A261DEB8400C5A05F /* ImageAssets.xcassets in Resources */,
				72776D4F2629D970001D65B6 /* AdultsViewController.xib in Resources */,
				720278B9261DE3B700C5A05F /* LaunchScreen.storyboard in Resources */,
				725144D4262091C5001CD920 /* SurveyViewController.xib in Resources */,
				7228220C2631A50100F12601 /* CustomNavigationBar.xib in Resources */,
				720278B6261DE3B700C5A05F /* Assets.xcassets in Resources */,
				720EA174261F3CDE00863730 /* PersonalCabinetViewController.xib in Resources */,
				72776D7F2629E6E7001D65B6 /* ReusableTableViewController.xib in Resources */,
				720EA197261F42CC00863730 /* ImageLabelArrowCell.xib in Resources */,
				72776D282629A254001D65B6 /* RectangleImageTitleTextCell.xib in Resources */,
				72776D472629D35F001D65B6 /* CyrcleImageTitleTextCell.xib in Resources */,
				720278EF261DE60A00C5A05F /* StartScreenViewController.xib in Resources */,
				72776D20262996BC001D65B6 /* ConsultationsViewController.xib in Resources */,
			);
			runOnlyForDeploymentPostprocessing = 0;
		};
		720278BD261DE3B800C5A05F /* Resources */ = {
			isa = PBXResourcesBuildPhase;
			buildActionMask = 2147483647;
			files = (
			);
			runOnlyForDeploymentPostprocessing = 0;
		};
		720278C8261DE3B800C5A05F /* Resources */ = {
			isa = PBXResourcesBuildPhase;
			buildActionMask = 2147483647;
			files = (
			);
			runOnlyForDeploymentPostprocessing = 0;
		};
/* End PBXResourcesBuildPhase section */

/* Begin PBXShellScriptBuildPhase section */
		767ADB56C24A25978FFF6E91 /* [CP] Check Pods Manifest.lock */ = {
			isa = PBXShellScriptBuildPhase;
			buildActionMask = 2147483647;
			files = (
			);
			inputFileListPaths = (
			);
			inputPaths = (
				"${PODS_PODFILE_DIR_PATH}/Podfile.lock",
				"${PODS_ROOT}/Manifest.lock",
			);
			name = "[CP] Check Pods Manifest.lock";
			outputFileListPaths = (
			);
			outputPaths = (
				"$(DERIVED_FILE_DIR)/Pods-iDoc-checkManifestLockResult.txt",
			);
			runOnlyForDeploymentPostprocessing = 0;
			shellPath = /bin/sh;
			shellScript = "diff \"${PODS_PODFILE_DIR_PATH}/Podfile.lock\" \"${PODS_ROOT}/Manifest.lock\" > /dev/null\nif [ $? != 0 ] ; then\n    # print error to STDERR\n    echo \"error: The sandbox is not in sync with the Podfile.lock. Run 'pod install' or update your CocoaPods installation.\" >&2\n    exit 1\nfi\n# This output is used by Xcode 'outputs' to avoid re-running this script phase.\necho \"SUCCESS\" > \"${SCRIPT_OUTPUT_FILE_0}\"\n";
			showEnvVarsInLog = 0;
		};
		E56C05D0DC0BAEAA8FB6C1C8 /* [CP] Embed Pods Frameworks */ = {
			isa = PBXShellScriptBuildPhase;
			buildActionMask = 2147483647;
			files = (
			);
			inputFileListPaths = (
				"${PODS_ROOT}/Target Support Files/Pods-iDoc/Pods-iDoc-frameworks-${CONFIGURATION}-input-files.xcfilelist",
			);
			name = "[CP] Embed Pods Frameworks";
			outputFileListPaths = (
				"${PODS_ROOT}/Target Support Files/Pods-iDoc/Pods-iDoc-frameworks-${CONFIGURATION}-output-files.xcfilelist",
			);
			runOnlyForDeploymentPostprocessing = 0;
			shellPath = /bin/sh;
			shellScript = "\"${PODS_ROOT}/Target Support Files/Pods-iDoc/Pods-iDoc-frameworks.sh\"\n";
			showEnvVarsInLog = 0;
		};
/* End PBXShellScriptBuildPhase section */

/* Begin PBXSourcesBuildPhase section */
		720278A5261DE3B300C5A05F /* Sources */ = {
			isa = PBXSourcesBuildPhase;
			buildActionMask = 2147483647;
			files = (
				720278EE261DE60A00C5A05F /* StartScreenViewController.swift in Sources */,
				722822072631A4D000F12601 /* CustomNavigationBar.swift in Sources */,
				720EA1A1261F4B0E00863730 /* MenuWithTableViewModel.swift in Sources */,
				72776D312629A70A001D65B6 /* ConsultationCategories.swift in Sources */,
				720278B1261DE3B300C5A05F /* ViewController.swift in Sources */,
				72776D1F262996BC001D65B6 /* ConsultationsViewController.swift in Sources */,
				72776D4E2629D970001D65B6 /* AdultsViewController.swift in Sources */,
				72776D462629D35F001D65B6 /* CyrcleImageTitleTextCell.swift in Sources */,
				72776D7E2629E6E7001D65B6 /* ReusableTableViewController.swift in Sources */,
				720278AD261DE3B300C5A05F /* AppDelegate.swift in Sources */,
				725144D3262091C5001CD920 /* SurveyViewController.swift in Sources */,
				725144B32620428B001CD920 /* CabinetCellModel.swift in Sources */,
				720EA168261F2EA300863730 /* Constants.swift in Sources */,
				72776D272629A254001D65B6 /* RectangleImageTitleTextCell.swift in Sources */,
				725144B926204766001CD920 /* MenuPages.swift in Sources */,
				72776D842629E770001D65B6 /* ReusableTableViewModel.swift in Sources */,
				725144AD26204233001CD920 /* MenuTableModel.swift in Sources */,
				72776D772629E4F6001D65B6 /* MedicalCenters.swift in Sources */,
				72776D6F2629E00F001D65B6 /* MenuCellModel.swift in Sources */,
				725144C426208000001CD920 /* MenuControllers.swift in Sources */,
				720EA173261F3CDE00863730 /* PersonalCabinetViewController.swift in Sources */,
				720EA196261F42CC00863730 /* ImageLabelArrowCell.swift in Sources */,
				72776D402629CA74001D65B6 /* Specializations.swift in Sources */,
				72776D692629DEF2001D65B6 /* AdultsPages.swift in Sources */,
				720EA182261F410C00863730 /* TableViewWithoutScroll.swift in Sources */,
				72776D602629DDA3001D65B6 /* AdultsViewModel.swift in Sources */,
				720EA162261EF96E00863730 /* StartScreenPageViewController.swift in Sources */,
				720278F7261DE66E00C5A05F /* StartScreenViewModel.swift in Sources */,
				72776D362629C0BE001D65B6 /* ConsultationsViewModel.swift in Sources */,
			);
			runOnlyForDeploymentPostprocessing = 0;
		};
		720278BB261DE3B800C5A05F /* Sources */ = {
			isa = PBXSourcesBuildPhase;
			buildActionMask = 2147483647;
			files = (
			);
			runOnlyForDeploymentPostprocessing = 0;
		};
		720278C6261DE3B800C5A05F /* Sources */ = {
			isa = PBXSourcesBuildPhase;
			buildActionMask = 2147483647;
			files = (
			);
			runOnlyForDeploymentPostprocessing = 0;
		};
/* End PBXSourcesBuildPhase section */

/* Begin PBXTargetDependency section */
		720278C1261DE3B800C5A05F /* PBXTargetDependency */ = {
			isa = PBXTargetDependency;
			target = 720278A8261DE3B300C5A05F /* iDoc */;
			targetProxy = 720278C0261DE3B800C5A05F /* PBXContainerItemProxy */;
		};
		720278CC261DE3B800C5A05F /* PBXTargetDependency */ = {
			isa = PBXTargetDependency;
			target = 720278A8261DE3B300C5A05F /* iDoc */;
			targetProxy = 720278CB261DE3B800C5A05F /* PBXContainerItemProxy */;
		};
/* End PBXTargetDependency section */

/* Begin PBXVariantGroup section */
		720278B7261DE3B700C5A05F /* LaunchScreen.storyboard */ = {
			isa = PBXVariantGroup;
			children = (
				720278B8261DE3B700C5A05F /* Base */,
			);
			name = LaunchScreen.storyboard;
			sourceTree = "<group>";
		};
/* End PBXVariantGroup section */

/* Begin XCBuildConfiguration section */
		720278D1261DE3B800C5A05F /* Debug */ = {
			isa = XCBuildConfiguration;
			buildSettings = {
				ALWAYS_SEARCH_USER_PATHS = NO;
				CLANG_ANALYZER_NONNULL = YES;
				CLANG_ANALYZER_NUMBER_OBJECT_CONVERSION = YES_AGGRESSIVE;
				CLANG_CXX_LANGUAGE_STANDARD = "gnu++14";
				CLANG_CXX_LIBRARY = "libc++";
				CLANG_ENABLE_MODULES = YES;
				CLANG_ENABLE_OBJC_ARC = YES;
				CLANG_ENABLE_OBJC_WEAK = YES;
				CLANG_WARN_BLOCK_CAPTURE_AUTORELEASING = YES;
				CLANG_WARN_BOOL_CONVERSION = YES;
				CLANG_WARN_COMMA = YES;
				CLANG_WARN_CONSTANT_CONVERSION = YES;
				CLANG_WARN_DEPRECATED_OBJC_IMPLEMENTATIONS = YES;
				CLANG_WARN_DIRECT_OBJC_ISA_USAGE = YES_ERROR;
				CLANG_WARN_DOCUMENTATION_COMMENTS = YES;
				CLANG_WARN_EMPTY_BODY = YES;
				CLANG_WARN_ENUM_CONVERSION = YES;
				CLANG_WARN_INFINITE_RECURSION = YES;
				CLANG_WARN_INT_CONVERSION = YES;
				CLANG_WARN_NON_LITERAL_NULL_CONVERSION = YES;
				CLANG_WARN_OBJC_IMPLICIT_RETAIN_SELF = YES;
				CLANG_WARN_OBJC_LITERAL_CONVERSION = YES;
				CLANG_WARN_OBJC_ROOT_CLASS = YES_ERROR;
				CLANG_WARN_QUOTED_INCLUDE_IN_FRAMEWORK_HEADER = YES;
				CLANG_WARN_RANGE_LOOP_ANALYSIS = YES;
				CLANG_WARN_STRICT_PROTOTYPES = YES;
				CLANG_WARN_SUSPICIOUS_MOVE = YES;
				CLANG_WARN_UNGUARDED_AVAILABILITY = YES_AGGRESSIVE;
				CLANG_WARN_UNREACHABLE_CODE = YES;
				CLANG_WARN__DUPLICATE_METHOD_MATCH = YES;
				COPY_PHASE_STRIP = NO;
				DEBUG_INFORMATION_FORMAT = dwarf;
				ENABLE_STRICT_OBJC_MSGSEND = YES;
				ENABLE_TESTABILITY = YES;
				GCC_C_LANGUAGE_STANDARD = gnu11;
				GCC_DYNAMIC_NO_PIC = NO;
				GCC_NO_COMMON_BLOCKS = YES;
				GCC_OPTIMIZATION_LEVEL = 0;
				GCC_PREPROCESSOR_DEFINITIONS = (
					"DEBUG=1",
					"$(inherited)",
				);
				GCC_WARN_64_TO_32_BIT_CONVERSION = YES;
				GCC_WARN_ABOUT_RETURN_TYPE = YES_ERROR;
				GCC_WARN_UNDECLARED_SELECTOR = YES;
				GCC_WARN_UNINITIALIZED_AUTOS = YES_AGGRESSIVE;
				GCC_WARN_UNUSED_FUNCTION = YES;
				GCC_WARN_UNUSED_VARIABLE = YES;
				IPHONEOS_DEPLOYMENT_TARGET = 14.4;
				MTL_ENABLE_DEBUG_INFO = INCLUDE_SOURCE;
				MTL_FAST_MATH = YES;
				ONLY_ACTIVE_ARCH = YES;
				SDKROOT = iphoneos;
				SWIFT_ACTIVE_COMPILATION_CONDITIONS = DEBUG;
				SWIFT_OPTIMIZATION_LEVEL = "-Onone";
			};
			name = Debug;
		};
		720278D2261DE3B800C5A05F /* Release */ = {
			isa = XCBuildConfiguration;
			buildSettings = {
				ALWAYS_SEARCH_USER_PATHS = NO;
				CLANG_ANALYZER_NONNULL = YES;
				CLANG_ANALYZER_NUMBER_OBJECT_CONVERSION = YES_AGGRESSIVE;
				CLANG_CXX_LANGUAGE_STANDARD = "gnu++14";
				CLANG_CXX_LIBRARY = "libc++";
				CLANG_ENABLE_MODULES = YES;
				CLANG_ENABLE_OBJC_ARC = YES;
				CLANG_ENABLE_OBJC_WEAK = YES;
				CLANG_WARN_BLOCK_CAPTURE_AUTORELEASING = YES;
				CLANG_WARN_BOOL_CONVERSION = YES;
				CLANG_WARN_COMMA = YES;
				CLANG_WARN_CONSTANT_CONVERSION = YES;
				CLANG_WARN_DEPRECATED_OBJC_IMPLEMENTATIONS = YES;
				CLANG_WARN_DIRECT_OBJC_ISA_USAGE = YES_ERROR;
				CLANG_WARN_DOCUMENTATION_COMMENTS = YES;
				CLANG_WARN_EMPTY_BODY = YES;
				CLANG_WARN_ENUM_CONVERSION = YES;
				CLANG_WARN_INFINITE_RECURSION = YES;
				CLANG_WARN_INT_CONVERSION = YES;
				CLANG_WARN_NON_LITERAL_NULL_CONVERSION = YES;
				CLANG_WARN_OBJC_IMPLICIT_RETAIN_SELF = YES;
				CLANG_WARN_OBJC_LITERAL_CONVERSION = YES;
				CLANG_WARN_OBJC_ROOT_CLASS = YES_ERROR;
				CLANG_WARN_QUOTED_INCLUDE_IN_FRAMEWORK_HEADER = YES;
				CLANG_WARN_RANGE_LOOP_ANALYSIS = YES;
				CLANG_WARN_STRICT_PROTOTYPES = YES;
				CLANG_WARN_SUSPICIOUS_MOVE = YES;
				CLANG_WARN_UNGUARDED_AVAILABILITY = YES_AGGRESSIVE;
				CLANG_WARN_UNREACHABLE_CODE = YES;
				CLANG_WARN__DUPLICATE_METHOD_MATCH = YES;
				COPY_PHASE_STRIP = NO;
				DEBUG_INFORMATION_FORMAT = "dwarf-with-dsym";
				ENABLE_NS_ASSERTIONS = NO;
				ENABLE_STRICT_OBJC_MSGSEND = YES;
				GCC_C_LANGUAGE_STANDARD = gnu11;
				GCC_NO_COMMON_BLOCKS = YES;
				GCC_WARN_64_TO_32_BIT_CONVERSION = YES;
				GCC_WARN_ABOUT_RETURN_TYPE = YES_ERROR;
				GCC_WARN_UNDECLARED_SELECTOR = YES;
				GCC_WARN_UNINITIALIZED_AUTOS = YES_AGGRESSIVE;
				GCC_WARN_UNUSED_FUNCTION = YES;
				GCC_WARN_UNUSED_VARIABLE = YES;
				IPHONEOS_DEPLOYMENT_TARGET = 14.4;
				MTL_ENABLE_DEBUG_INFO = NO;
				MTL_FAST_MATH = YES;
				SDKROOT = iphoneos;
				SWIFT_COMPILATION_MODE = wholemodule;
				SWIFT_OPTIMIZATION_LEVEL = "-O";
				VALIDATE_PRODUCT = YES;
			};
			name = Release;
		};
		720278D4261DE3B800C5A05F /* Debug */ = {
			isa = XCBuildConfiguration;
			baseConfigurationReference = 239DBFF295A1211272406115 /* Pods-iDoc.debug.xcconfig */;
			buildSettings = {
				ASSETCATALOG_COMPILER_APPICON_NAME = AppIcon;
				ASSETCATALOG_COMPILER_GLOBAL_ACCENT_COLOR_NAME = AccentColor;
				CODE_SIGN_STYLE = Automatic;
				DEVELOPMENT_TEAM = 77X9SB72G8;
				INFOPLIST_FILE = iDoc/Info.plist;
				LD_RUNPATH_SEARCH_PATHS = (
					"$(inherited)",
					"@executable_path/Frameworks",
				);
				PRODUCT_BUNDLE_IDENTIFIER = com.lab42.iDoc;
				PRODUCT_NAME = "$(TARGET_NAME)";
				SWIFT_VERSION = 5.0;
				TARGETED_DEVICE_FAMILY = "1,2";
			};
			name = Debug;
		};
		720278D5261DE3B800C5A05F /* Release */ = {
			isa = XCBuildConfiguration;
			baseConfigurationReference = 12774292B2923C22498C3F82 /* Pods-iDoc.release.xcconfig */;
			buildSettings = {
				ASSETCATALOG_COMPILER_APPICON_NAME = AppIcon;
				ASSETCATALOG_COMPILER_GLOBAL_ACCENT_COLOR_NAME = AccentColor;
				CODE_SIGN_STYLE = Automatic;
				DEVELOPMENT_TEAM = 77X9SB72G8;
				INFOPLIST_FILE = iDoc/Info.plist;
				LD_RUNPATH_SEARCH_PATHS = (
					"$(inherited)",
					"@executable_path/Frameworks",
				);
				PRODUCT_BUNDLE_IDENTIFIER = com.lab42.iDoc;
				PRODUCT_NAME = "$(TARGET_NAME)";
				SWIFT_VERSION = 5.0;
				TARGETED_DEVICE_FAMILY = "1,2";
			};
			name = Release;
		};
		720278D7261DE3B800C5A05F /* Debug */ = {
			isa = XCBuildConfiguration;
			buildSettings = {
				ALWAYS_EMBED_SWIFT_STANDARD_LIBRARIES = YES;
				BUNDLE_LOADER = "$(TEST_HOST)";
				CODE_SIGN_STYLE = Automatic;
				DEVELOPMENT_TEAM = 77X9SB72G8;
				INFOPLIST_FILE = iDocTests/Info.plist;
				IPHONEOS_DEPLOYMENT_TARGET = 14.4;
				LD_RUNPATH_SEARCH_PATHS = (
					"$(inherited)",
					"@executable_path/Frameworks",
					"@loader_path/Frameworks",
				);
				PRODUCT_BUNDLE_IDENTIFIER = com.lab42.iDocTests;
				PRODUCT_NAME = "$(TARGET_NAME)";
				SWIFT_VERSION = 5.0;
				TARGETED_DEVICE_FAMILY = "1,2";
				TEST_HOST = "$(BUILT_PRODUCTS_DIR)/iDoc.app/iDoc";
			};
			name = Debug;
		};
		720278D8261DE3B800C5A05F /* Release */ = {
			isa = XCBuildConfiguration;
			buildSettings = {
				ALWAYS_EMBED_SWIFT_STANDARD_LIBRARIES = YES;
				BUNDLE_LOADER = "$(TEST_HOST)";
				CODE_SIGN_STYLE = Automatic;
				DEVELOPMENT_TEAM = 77X9SB72G8;
				INFOPLIST_FILE = iDocTests/Info.plist;
				IPHONEOS_DEPLOYMENT_TARGET = 14.4;
				LD_RUNPATH_SEARCH_PATHS = (
					"$(inherited)",
					"@executable_path/Frameworks",
					"@loader_path/Frameworks",
				);
				PRODUCT_BUNDLE_IDENTIFIER = com.lab42.iDocTests;
				PRODUCT_NAME = "$(TARGET_NAME)";
				SWIFT_VERSION = 5.0;
				TARGETED_DEVICE_FAMILY = "1,2";
				TEST_HOST = "$(BUILT_PRODUCTS_DIR)/iDoc.app/iDoc";
			};
			name = Release;
		};
		720278DA261DE3B800C5A05F /* Debug */ = {
			isa = XCBuildConfiguration;
			buildSettings = {
				ALWAYS_EMBED_SWIFT_STANDARD_LIBRARIES = YES;
				CODE_SIGN_STYLE = Automatic;
				DEVELOPMENT_TEAM = 77X9SB72G8;
				INFOPLIST_FILE = iDocUITests/Info.plist;
				LD_RUNPATH_SEARCH_PATHS = (
					"$(inherited)",
					"@executable_path/Frameworks",
					"@loader_path/Frameworks",
				);
				PRODUCT_BUNDLE_IDENTIFIER = com.lab42.iDocUITests;
				PRODUCT_NAME = "$(TARGET_NAME)";
				SWIFT_VERSION = 5.0;
				TARGETED_DEVICE_FAMILY = "1,2";
				TEST_TARGET_NAME = iDoc;
			};
			name = Debug;
		};
		720278DB261DE3B800C5A05F /* Release */ = {
			isa = XCBuildConfiguration;
			buildSettings = {
				ALWAYS_EMBED_SWIFT_STANDARD_LIBRARIES = YES;
				CODE_SIGN_STYLE = Automatic;
				DEVELOPMENT_TEAM = 77X9SB72G8;
				INFOPLIST_FILE = iDocUITests/Info.plist;
				LD_RUNPATH_SEARCH_PATHS = (
					"$(inherited)",
					"@executable_path/Frameworks",
					"@loader_path/Frameworks",
				);
				PRODUCT_BUNDLE_IDENTIFIER = com.lab42.iDocUITests;
				PRODUCT_NAME = "$(TARGET_NAME)";
				SWIFT_VERSION = 5.0;
				TARGETED_DEVICE_FAMILY = "1,2";
				TEST_TARGET_NAME = iDoc;
			};
			name = Release;
		};
/* End XCBuildConfiguration section */

/* Begin XCConfigurationList section */
		720278A4261DE3B300C5A05F /* Build configuration list for PBXProject "iDoc" */ = {
			isa = XCConfigurationList;
			buildConfigurations = (
				720278D1261DE3B800C5A05F /* Debug */,
				720278D2261DE3B800C5A05F /* Release */,
			);
			defaultConfigurationIsVisible = 0;
			defaultConfigurationName = Release;
		};
		720278D3261DE3B800C5A05F /* Build configuration list for PBXNativeTarget "iDoc" */ = {
			isa = XCConfigurationList;
			buildConfigurations = (
				720278D4261DE3B800C5A05F /* Debug */,
				720278D5261DE3B800C5A05F /* Release */,
			);
			defaultConfigurationIsVisible = 0;
			defaultConfigurationName = Release;
		};
		720278D6261DE3B800C5A05F /* Build configuration list for PBXNativeTarget "iDocTests" */ = {
			isa = XCConfigurationList;
			buildConfigurations = (
				720278D7261DE3B800C5A05F /* Debug */,
				720278D8261DE3B800C5A05F /* Release */,
			);
			defaultConfigurationIsVisible = 0;
			defaultConfigurationName = Release;
		};
		720278D9261DE3B800C5A05F /* Build configuration list for PBXNativeTarget "iDocUITests" */ = {
			isa = XCConfigurationList;
			buildConfigurations = (
				720278DA261DE3B800C5A05F /* Debug */,
				720278DB261DE3B800C5A05F /* Release */,
			);
			defaultConfigurationIsVisible = 0;
			defaultConfigurationName = Release;
		};
/* End XCConfigurationList section */
	};
	rootObject = 720278A1261DE3B300C5A05F /* Project object */;
}
